// !$*UTF8*$!
{
	archiveVersion = 1;
	classes = {
	};
	objectVersion = 46;
	objects = {

/* Begin PBXBuildFile section */
		CEDAB96B151F69E500280D1E /* UIKit.framework in Frameworks */ = {isa = PBXBuildFile; fileRef = CEDAB96A151F69E500280D1E /* UIKit.framework */; };
		CEDAB96D151F69E500280D1E /* Foundation.framework in Frameworks */ = {isa = PBXBuildFile; fileRef = CEDAB96C151F69E500280D1E /* Foundation.framework */; };
		CEDAB96F151F69E500280D1E /* CoreGraphics.framework in Frameworks */ = {isa = PBXBuildFile; fileRef = CEDAB96E151F69E500280D1E /* CoreGraphics.framework */; };
		CEDAB975151F69E500280D1E /* InfoPlist.strings in Resources */ = {isa = PBXBuildFile; fileRef = CEDAB973151F69E500280D1E /* InfoPlist.strings */; };
		CEDAB977151F69E500280D1E /* main.m in Sources */ = {isa = PBXBuildFile; fileRef = CEDAB976151F69E500280D1E /* main.m */; };
		CEDAB97B151F69E500280D1E /* AppDelegate.m in Sources */ = {isa = PBXBuildFile; fileRef = CEDAB97A151F69E500280D1E /* AppDelegate.m */; };
		CEDAB97E151F69E500280D1E /* ViewController.m in Sources */ = {isa = PBXBuildFile; fileRef = CEDAB97D151F69E500280D1E /* ViewController.m */; };
		CEDAB981151F69E500280D1E /* ViewController.xib in Resources */ = {isa = PBXBuildFile; fileRef = CEDAB97F151F69E500280D1E /* ViewController.xib */; };
		CEDAB98A151F6B0000280D1E /* SecondViewController.m in Sources */ = {isa = PBXBuildFile; fileRef = CEDAB988151F6B0000280D1E /* SecondViewController.m */; };
		CEDAB98B151F6B0000280D1E /* SecondViewController.xib in Resources */ = {isa = PBXBuildFile; fileRef = CEDAB989151F6B0000280D1E /* SecondViewController.xib */; };
/* End PBXBuildFile section */

/* Begin PBXFileReference section */
		CEDAB966151F69E500280D1E /* UINavigationController.app */ = {isa = PBXFileReference; explicitFileType = wrapper.application; includeInIndex = 0; path = UINavigationController.app; sourceTree = BUILT_PRODUCTS_DIR; };
		CEDAB96A151F69E500280D1E /* UIKit.framework */ = {isa = PBXFileReference; lastKnownFileType = wrapper.framework; name = UIKit.framework; path = System/Library/Frameworks/UIKit.framework; sourceTree = SDKROOT; };
		CEDAB96C151F69E500280D1E /* Foundation.framework */ = {isa = PBXFileReference; lastKnownFileType = wrapper.framework; name = Foundation.framework; path = System/Library/Frameworks/Foundation.framework; sourceTree = SDKROOT; };
		CEDAB96E151F69E500280D1E /* CoreGraphics.framework */ = {isa = PBXFileReference; lastKnownFileType = wrapper.framework; name = CoreGraphics.framework; path = System/Library/Frameworks/CoreGraphics.framework; sourceTree = SDKROOT; };
		CEDAB972151F69E500280D1E /* UINavigationController-Info.plist */ = {isa = PBXFileReference; lastKnownFileType = text.plist.xml; path = "UINavigationController-Info.plist"; sourceTree = "<group>"; };
		CEDAB974151F69E500280D1E /* en */ = {isa = PBXFileReference; lastKnownFileType = text.plist.strings; name = en; path = en.lproj/InfoPlist.strings; sourceTree = "<group>"; };
		CEDAB976151F69E500280D1E /* main.m */ = {isa = PBXFileReference; lastKnownFileType = sourcecode.c.objc; path = main.m; sourceTree = "<group>"; };
		CEDAB978151F69E500280D1E /* UINavigationController-Prefix.pch */ = {isa = PBXFileReference; lastKnownFileType = sourcecode.c.h; path = "UINavigationController-Prefix.pch"; sourceTree = "<group>"; };
		CEDAB979151F69E500280D1E /* AppDelegate.h */ = {isa = PBXFileReference; lastKnownFileType = sourcecode.c.h; path = AppDelegate.h; sourceTree = "<group>"; };
		CEDAB97A151F69E500280D1E /* AppDelegate.m */ = {isa = PBXFileReference; lastKnownFileType = sourcecode.c.objc; path = AppDelegate.m; sourceTree = "<group>"; };
		CEDAB97C151F69E500280D1E /* ViewController.h */ = {isa = PBXFileReference; lastKnownFileType = sourcecode.c.h; path = ViewController.h; sourceTree = "<group>"; };
		CEDAB97D151F69E500280D1E /* ViewController.m */ = {isa = PBXFileReference; lastKnownFileType = sourcecode.c.objc; path = ViewController.m; sourceTree = "<group>"; };
		CEDAB980151F69E500280D1E /* en */ = {isa = PBXFileReference; lastKnownFileType = file.xib; name = en; path = en.lproj/ViewController.xib; sourceTree = "<group>"; };
		CEDAB987151F6B0000280D1E /* SecondViewController.h */ = {isa = PBXFileReference; fileEncoding = 4; lastKnownFileType = sourcecode.c.h; path = SecondViewController.h; sourceTree = "<group>"; };
		CEDAB988151F6B0000280D1E /* SecondViewController.m */ = {isa = PBXFileReference; fileEncoding = 4; lastKnownFileType = sourcecode.c.objc; path = SecondViewController.m; sourceTree = "<group>"; };
		CEDAB989151F6B0000280D1E /* SecondViewController.xib */ = {isa = PBXFileReference; fileEncoding = 4; lastKnownFileType = file.xib; path = SecondViewController.xib; sourceTree = "<group>"; };
/* End PBXFileReference section */

/* Begin PBXFrameworksBuildPhase section */
		CEDAB963151F69E500280D1E /* Frameworks */ = {
			isa = PBXFrameworksBuildPhase;
			buildActionMask = 2147483647;
			files = (
				CEDAB96B151F69E500280D1E /* UIKit.framework in Frameworks */,
				CEDAB96D151F69E500280D1E /* Foundation.framework in Frameworks */,
				CEDAB96F151F69E500280D1E /* CoreGraphics.framework in Frameworks */,
			);
			runOnlyForDeploymentPostprocessing = 0;
		};
/* End PBXFrameworksBuildPhase section */

/* Begin PBXGroup section */
		CEDAB95B151F69E500280D1E = {
			isa = PBXGroup;
			children = (
				CEDAB970151F69E500280D1E /* UINavigationController */,
				CEDAB969151F69E500280D1E /* Frameworks */,
				CEDAB967151F69E500280D1E /* Products */,
			);
			sourceTree = "<group>";
		};
		CEDAB967151F69E500280D1E /* Products */ = {
			isa = PBXGroup;
			children = (
				CEDAB966151F69E500280D1E /* UINavigationController.app */,
			);
			name = Products;
			sourceTree = "<group>";
		};
		CEDAB969151F69E500280D1E /* Frameworks */ = {
			isa = PBXGroup;
			children = (
				CEDAB96A151F69E500280D1E /* UIKit.framework */,
				CEDAB96C151F69E500280D1E /* Foundation.framework */,
				CEDAB96E151F69E500280D1E /* CoreGraphics.framework */,
			);
			name = Frameworks;
			sourceTree = "<group>";
		};
		CEDAB970151F69E500280D1E /* UINavigationController */ = {
			isa = PBXGroup;
			children = (
				CEDAB979151F69E500280D1E /* AppDelegate.h */,
				CEDAB97A151F69E500280D1E /* AppDelegate.m */,
				CEDAB97C151F69E500280D1E /* ViewController.h */,
				CEDAB97D151F69E500280D1E /* ViewController.m */,
				CEDAB97F151F69E500280D1E /* ViewController.xib */,
				CEDAB971151F69E500280D1E /* Supporting Files */,
				CEDAB987151F6B0000280D1E /* SecondViewController.h */,
				CEDAB988151F6B0000280D1E /* SecondViewController.m */,
				CEDAB989151F6B0000280D1E /* SecondViewController.xib */,
			);
			path = UINavigationController;
			sourceTree = "<group>";
		};
		CEDAB971151F69E500280D1E /* Supporting Files */ = {
			isa = PBXGroup;
			children = (
				CEDAB972151F69E500280D1E /* UINavigationController-Info.plist */,
				CEDAB973151F69E500280D1E /* InfoPlist.strings */,
				CEDAB976151F69E500280D1E /* main.m */,
				CEDAB978151F69E500280D1E /* UINavigationController-Prefix.pch */,
			);
			name = "Supporting Files";
			sourceTree = "<group>";
		};
/* End PBXGroup section */

/* Begin PBXNativeTarget section */
		CEDAB965151F69E500280D1E /* UINavigationController */ = {
			isa = PBXNativeTarget;
			buildConfigurationList = CEDAB984151F69E500280D1E /* Build configuration list for PBXNativeTarget "UINavigationController" */;
			buildPhases = (
				CEDAB962151F69E500280D1E /* Sources */,
				CEDAB963151F69E500280D1E /* Frameworks */,
				CEDAB964151F69E500280D1E /* Resources */,
			);
			buildRules = (
			);
			dependencies = (
			);
			name = UINavigationController;
			productName = UINavigationController;
			productReference = CEDAB966151F69E500280D1E /* UINavigationController.app */;
			productType = "com.apple.product-type.application";
		};
/* End PBXNativeTarget section */

/* Begin PBXProject section */
		CEDAB95D151F69E500280D1E /* Project object */ = {
			isa = PBXProject;
			attributes = {
				LastUpgradeCheck = 0430;
			};
			buildConfigurationList = CEDAB960151F69E500280D1E /* Build configuration list for PBXProject "UINavigationController" */;
			compatibilityVersion = "Xcode 3.2";
			developmentRegion = English;
			hasScannedForEncodings = 0;
			knownRegions = (
				en,
			);
			mainGroup = CEDAB95B151F69E500280D1E;
			productRefGroup = CEDAB967151F69E500280D1E /* Products */;
			projectDirPath = "";
			projectRoot = "";
			targets = (
				CEDAB965151F69E500280D1E /* UINavigationController */,
			);
		};
/* End PBXProject section */

/* Begin PBXResourcesBuildPhase section */
		CEDAB964151F69E500280D1E /* Resources */ = {
			isa = PBXResourcesBuildPhase;
			buildActionMask = 2147483647;
			files = (
				CEDAB975151F69E500280D1E /* InfoPlist.strings in Resources */,
				CEDAB981151F69E500280D1E /* ViewController.xib in Resources */,
				CEDAB98B151F6B0000280D1E /* SecondViewController.xib in Resources */,
			);
			runOnlyForDeploymentPostprocessing = 0;
		};
/* End PBXResourcesBuildPhase section */

/* Begin PBXSourcesBuildPhase section */
		CEDAB962151F69E500280D1E /* Sources */ = {
			isa = PBXSourcesBuildPhase;
			buildActionMask = 2147483647;
			files = (
				CEDAB977151F69E500280D1E /* main.m in Sources */,
				CEDAB97B151F69E500280D1E /* AppDelegate.m in Sources */,
				CEDAB97E151F69E500280D1E /* ViewController.m in Sources */,
				CEDAB98A151F6B0000280D1E /* SecondViewController.m in Sources */,
			);
			runOnlyForDeploymentPostprocessing = 0;
		};
/* End PBXSourcesBuildPhase section */

/* Begin PBXVariantGroup section */
		CEDAB973151F69E500280D1E /* InfoPlist.strings */ = {
			isa = PBXVariantGroup;
			children = (
				CEDAB974151F69E500280D1E /* en */,
			);
			name = InfoPlist.strings;
			sourceTree = "<group>";
		};
		CEDAB97F151F69E500280D1E /* ViewController.xib */ = {
			isa = PBXVariantGroup;
			children = (
				CEDAB980151F69E500280D1E /* en */,
			);
			name = ViewController.xib;
			sourceTree = "<group>";
		};
/* End PBXVariantGroup section */

/* Begin XCBuildConfiguration section */
		CEDAB982151F69E500280D1E /* Debug */ = {
			isa = XCBuildConfiguration;
			buildSettings = {
				ALWAYS_SEARCH_USER_PATHS = NO;
				ARCHS = "$(ARCHS_STANDARD_32_BIT)";
				CLANG_ENABLE_OBJC_ARC = YES;
				"CODE_SIGN_IDENTITY[sdk=iphoneos*]" = "iPhone Developer";
				COPY_PHASE_STRIP = NO;
				GCC_C_LANGUAGE_STANDARD = gnu99;
				GCC_DYNAMIC_NO_PIC = NO;
				GCC_OPTIMIZATION_LEVEL = 0;
				GCC_PREPROCESSOR_DEFINITIONS = (
					"DEBUG=1",
					"$(inherited)",
				);
				GCC_SYMBOLS_PRIVATE_EXTERN = NO;
				GCC_VERSION = com.apple.compilers.llvm.clang.1_0;
				GCC_WARN_ABOUT_RETURN_TYPE = YES;
				GCC_WARN_UNINITIALIZED_AUTOS = YES;
				GCC_WARN_UNUSED_VARIABLE = YES;
				IPHONEOS_DEPLOYMENT_TARGET = 5.1;
				SDKROOT = iphoneos;
			};
			name = Debug;
		};
		CEDAB983151F69E500280D1E /* Release */ = {
			isa = XCBuildConfiguration;
			buildSettings = {
				ALWAYS_SEARCH_USER_PATHS = NO;
				ARCHS = "$(ARCHS_STANDARD_32_BIT)";
				CLANG_ENABLE_OBJC_ARC = YES;
				"CODE_SIGN_IDENTITY[sdk=iphoneos*]" = "iPhone Developer";
				COPY_PHASE_STRIP = YES;
				GCC_C_LANGUAGE_STANDARD = gnu99;
				GCC_VERSION = com.apple.compilers.llvm.clang.1_0;
				GCC_WARN_ABOUT_RETURN_TYPE = YES;
				GCC_WARN_UNINITIALIZED_AUTOS = YES;
				GCC_WARN_UNUSED_VARIABLE = YES;
				IPHONEOS_DEPLOYMENT_TARGET = 5.1;
				OTHER_CFLAGS = "-DNS_BLOCK_ASSERTIONS=1";
				SDKROOT = iphoneos;
				VALIDATE_PRODUCT = YES;
			};
			name = Release;
		};
		CEDAB985151F69E500280D1E /* Debug */ = {
			isa = XCBuildConfiguration;
			buildSettings = {
				GCC_PRECOMPILE_PREFIX_HEADER = YES;
				GCC_PREFIX_HEADER = "UINavigationController/UINavigationController-Prefix.pch";
				INFOPLIST_FILE = "UINavigationController/UINavigationController-Info.plist";
				PRODUCT_NAME = "$(TARGET_NAME)";
				WRAPPER_EXTENSION = app;
			};
			name = Debug;
		};
		CEDAB986151F69E500280D1E /* Release */ = {
			isa = XCBuildConfiguration;
			buildSettings = {
				GCC_PRECOMPILE_PREFIX_HEADER = YES;
				GCC_PREFIX_HEADER = "UINavigationController/UINavigationController-Prefix.pch";
				INFOPLIST_FILE = "UINavigationController/UINavigationController-Info.plist";
				PRODUCT_NAME = "$(TARGET_NAME)";
				WRAPPER_EXTENSION = app;
			};
			name = Release;
		};
/* End XCBuildConfiguration section */

/* Begin XCConfigurationList section */
		CEDAB960151F69E500280D1E /* Build configuration list for PBXProject "UINavigationController" */ = {
			isa = XCConfigurationList;
			buildConfigurations = (
				CEDAB982151F69E500280D1E /* Debug */,
				CEDAB983151F69E500280D1E /* Release */,
			);
			defaultConfigurationIsVisible = 0;
			defaultConfigurationName = Release;
		};
		CEDAB984151F69E500280D1E /* Build configuration list for PBXNativeTarget "UINavigationController" */ = {
			isa = XCConfigurationList;
			buildConfigurations = (
				CEDAB985151F69E500280D1E /* Debug */,
				CEDAB986151F69E500280D1E /* Release */,
			);
			defaultConfigurationIsVisible = 0;
		};
/* End XCConfigurationList section */
	};
	rootObject = CEDAB95D151F69E500280D1E /* Project object */;
}
